
Microsoft Visual Studio Solution File, Format Version 12.00
# Visual Studio Version 17
VisualStudioVersion = 17.0.31903.59
MinimumVisualStudioVersion = 10.0.40219.1
Project("{FAE04EC0-301F-11D3-BF4B-00C04F79EFBC}") = "TorneoDeTenis.Tests", "TorneoDeTenis.Tests\TorneoDeTenis.Tests.csproj", "{A20ADE4D-B5F6-4300-A078-A69A19294881}"
EndProject
Project("{FAE04EC0-301F-11D3-BF4B-00C04F79EFBC}") = "TorneoDeTenis.WebApi", "TorneoDeTenis.WebApi\TorneoDeTenis.WebApi.csproj", "{F648830A-6AA0-4BB6-B1BC-226B31B08887}"
EndProject
Global
	GlobalSection(SolutionConfigurationPlatforms) = preSolution
		Debug|Any CPU = Debug|Any CPU
		Release|Any CPU = Release|Any CPU
	EndGlobalSection
	GlobalSection(SolutionProperties) = preSolution
		HideSolutionNode = FALSE
	EndGlobalSection
	GlobalSection(ProjectConfigurationPlatforms) = postSolution
		{A20ADE4D-B5F6-4300-A078-A69A19294881}.Debug|Any CPU.ActiveCfg = Debug|Any CPU
		{A20ADE4D-B5F6-4300-A078-A69A19294881}.Debug|Any CPU.Build.0 = Debug|Any CPU
		{A20ADE4D-B5F6-4300-A078-A69A19294881}.Release|Any CPU.ActiveCfg = Release|Any CPU
		{A20ADE4D-B5F6-4300-A078-A69A19294881}.Release|Any CPU.Build.0 = Release|Any CPU
		{F648830A-6AA0-4BB6-B1BC-226B31B08887}.Debug|Any CPU.ActiveCfg = Debug|Any CPU
		{F648830A-6AA0-4BB6-B1BC-226B31B08887}.Debug|Any CPU.Build.0 = Debug|Any CPU
		{F648830A-6AA0-4BB6-B1BC-226B31B08887}.Release|Any CPU.ActiveCfg = Release|Any CPU
		{F648830A-6AA0-4BB6-B1BC-226B31B08887}.Release|Any CPU.Build.0 = Release|Any CPU
	EndGlobalSection
EndGlobal
